PODS:
  - Gifu (3.3.1)
  - TinyConstraints (4.0.1)

DEPENDENCIES:
  - Gifu
  - TinyConstraints

SPEC REPOS:
  trunk:
    - Gifu
    - TinyConstraints

SPEC CHECKSUMS:
  Gifu: 416d4e38c4c2fed012f019e0a1d3ffcb58e5b842
  TinyConstraints: 8dd91295e56797648c7bc335dd20e1d91ec4c192

PODFILE CHECKSUM: 8c21e97be830b22f5184f985ac86ea046ad555cd

COCOAPODS: 1.10.1
