// !$*UTF8*$!
{
	archiveVersion = 1;
	classes = {
	};
	objectVersion = 50;
	objects = {

/* Begin PBXBuildFile section */
		0133233B8FA3F7CD520BF2320BBB48D1 /* FrameStore.swift in Sources */ = {isa = PBXBuildFile; fileRef = F08B132BF38719D73598576E4D2B5D62 /* FrameStore.swift */; };
		0D24FEFEF4298905C4AE3E9FC22DBC38 /* TinyConstraints.swift in Sources */ = {isa = PBXBuildFile; fileRef = 49ED2629C07A5141796DB43FD0926859 /* TinyConstraints.swift */; };
		2C94A3135168EFCB30223DAC7080F1A8 /* UIImage.swift in Sources */ = {isa = PBXBuildFile; fileRef = 30228CE352321B4F03EC6D9CAA5FD240 /* UIImage.swift */; };
		412892682BE8AA0CE911F1C04590BEF5 /* Array.swift in Sources */ = {isa = PBXBuildFile; fileRef = ABBAF61A0408A3856D5EB03722AC4FF0 /* Array.swift */; };
		45984E7480A4DB592B40F0DA0DAE7514 /* Gifu-umbrella.h in Headers */ = {isa = PBXBuildFile; fileRef = 796463742D08B982AEA29B1D169082A2 /* Gifu-umbrella.h */; settings = {ATTRIBUTES = (Public, ); }; };
		4F8F54512992CAE265C593B52F34532D /* UIImageView.swift in Sources */ = {isa = PBXBuildFile; fileRef = 0E9D2D684395605C066F48B5DA12B78D /* UIImageView.swift */; };
		579C1FBFB7E8AB0557C8FD0D89A9AD05 /* Animator.swift in Sources */ = {isa = PBXBuildFile; fileRef = 6ED9E1B586A3329E28271533A525ECEF /* Animator.swift */; };
		602071FBBC9CE2E7E138D4B67223D4A9 /* TinyConstraints-dummy.m in Sources */ = {isa = PBXBuildFile; fileRef = 1A09A7EE3CD26D0BADCDCAF2A7F6FC41 /* TinyConstraints-dummy.m */; };
		7F686C87FC60238F640B1973302B6D08 /* TinyConstraints-umbrella.h in Headers */ = {isa = PBXBuildFile; fileRef = BA87C998A2AEA137F15E4A4F015040F1 /* TinyConstraints-umbrella.h */; settings = {ATTRIBUTES = (Public, ); }; };
		80C64F8B50FDB2E25A939480C3FEC43A /* TinyConstraints+superview.swift in Sources */ = {isa = PBXBuildFile; fileRef = 4EA479C23E5A5E3FB03BE0A31B4B7264 /* TinyConstraints+superview.swift */; };
		93547DAC83B7FCC4FB7DA7851E8A8EAB /* CGSize.swift in Sources */ = {isa = PBXBuildFile; fileRef = 49FC76265F8ABF200BC6980354434C1C /* CGSize.swift */; };
		A09C6F8458CE2EF255D89235825F441D /* Foundation.framework in Frameworks */ = {isa = PBXBuildFile; fileRef = 73010CC983E3809BECEE5348DA1BB8C6 /* Foundation.framework */; };
		A2241C6D63B1E2D1DC450251846CA1C3 /* Pods-MemorizeInUIkit-dummy.m in Sources */ = {isa = PBXBuildFile; fileRef = EDCC232EB307F43F5507ED1053322131 /* Pods-MemorizeInUIkit-dummy.m */; };
		A6A76623CE01F0CBAB470BDA582AEDB3 /* GIFImageView.swift in Sources */ = {isa = PBXBuildFile; fileRef = 58D138FFD99ACD13DA1D234F0FD1C5D9 /* GIFImageView.swift */; };
		AEB2F815796779275F32C73521098D00 /* Pods-MemorizeInUIkit-umbrella.h in Headers */ = {isa = PBXBuildFile; fileRef = FC281486CC8293CFE617C6D651B349CA /* Pods-MemorizeInUIkit-umbrella.h */; settings = {ATTRIBUTES = (Public, ); }; };
		B1EEB201E44E9E562D052F9181538E23 /* Gifu-dummy.m in Sources */ = {isa = PBXBuildFile; fileRef = 1F850479C76990F2CAF1D831E573BF16 /* Gifu-dummy.m */; };
		B36CF03A512E05741F8B8F58834B08BB /* AnimatedFrame.swift in Sources */ = {isa = PBXBuildFile; fileRef = 8031ED2A134E52D0775718154C6ACDB0 /* AnimatedFrame.swift */; };
		CBF8630B51B556B1D93FF064C433A66E /* Constraints.swift in Sources */ = {isa = PBXBuildFile; fileRef = C0293FB7715E41EB9D47B3B988BE99FB /* Constraints.swift */; };
		CCAEE4BF0C676D5173590E04D29BAE92 /* TinyEdgeInsets.swift in Sources */ = {isa = PBXBuildFile; fileRef = D417EF51F7800DBBCFBF3502BBC14220 /* TinyEdgeInsets.swift */; };
		CFF984D0BDE08492C60CC2D9C75E2C96 /* Abstraction.swift in Sources */ = {isa = PBXBuildFile; fileRef = ACC35105F104FA79EF02A0B3E9C03020 /* Abstraction.swift */; };
		D6D1B805F4ED0B8805CEB5DCE192FEA9 /* ImageSourceHelpers.swift in Sources */ = {isa = PBXBuildFile; fileRef = F5C39858629A2B9FA931CAAE45FD5EB7 /* ImageSourceHelpers.swift */; };
		DBC9BB953E1263398D517CF24DA43FA0 /* GIFAnimatable.swift in Sources */ = {isa = PBXBuildFile; fileRef = 7E749613C62ED85B7D15F2457277B369 /* GIFAnimatable.swift */; };
		DF7A6BC0D371FF7ECA74781F562C475F /* Stack.swift in Sources */ = {isa = PBXBuildFile; fileRef = 9DE0421AE48CD6A0E95BD284AD5974EB /* Stack.swift */; };
		E3DC8069EBA87BFCBB6D3DE9767845BE /* Foundation.framework in Frameworks */ = {isa = PBXBuildFile; fileRef = 73010CC983E3809BECEE5348DA1BB8C6 /* Foundation.framework */; };
		E8583EF4F023B694EA051DD60BF2BAFA /* Gifu.h in Headers */ = {isa = PBXBuildFile; fileRef = 9D71199A06C04F9BD6E4575B846262E8 /* Gifu.h */; settings = {ATTRIBUTES = (Public, ); }; };
		EAAE3CFD5FD7C605478DE7EE72FCBA2B /* Foundation.framework in Frameworks */ = {isa = PBXBuildFile; fileRef = 73010CC983E3809BECEE5348DA1BB8C6 /* Foundation.framework */; };
		EAB56C7B2652650A976538B12FBAC59D /* Constrainable.swift in Sources */ = {isa = PBXBuildFile; fileRef = 4BF0AAB3DF829E0E743B115E9FBCDFD2 /* Constrainable.swift */; };
/* End PBXBuildFile section */

/* Begin PBXContainerItemProxy section */
		4436E3C0CF737CF0BA6780AAD72F2DD8 /* PBXContainerItemProxy */ = {
			isa = PBXContainerItemProxy;
			containerPortal = BFDFE7DC352907FC980B868725387E98 /* Project object */;
			proxyType = 1;
			remoteGlobalIDString = 45C4E325E7851DD54CC3AD44C7A71935;
			remoteInfo = TinyConstraints;
		};
		A1A5E9A7517FEFA39E59707AD2559A2B /* PBXContainerItemProxy */ = {
			isa = PBXContainerItemProxy;
			containerPortal = BFDFE7DC352907FC980B868725387E98 /* Project object */;
			proxyType = 1;
			remoteGlobalIDString = 830B5AB9E16163B4A1BA339D625FE46C;
			remoteInfo = Gifu;
		};
/* End PBXContainerItemProxy section */

/* Begin PBXFileReference section */
		008ED8B6A77E8F915CCFB759DCC34C3F /* Gifu-Info.plist */ = {isa = PBXFileReference; includeInIndex = 1; lastKnownFileType = text.plist.xml; path = "Gifu-Info.plist"; sourceTree = "<group>"; };
		08DE48D8B5B06407B342C5DFF2BB68DD /* TinyConstraints-prefix.pch */ = {isa = PBXFileReference; includeInIndex = 1; lastKnownFileType = sourcecode.c.h; path = "TinyConstraints-prefix.pch"; sourceTree = "<group>"; };
		0E9D2D684395605C066F48B5DA12B78D /* UIImageView.swift */ = {isa = PBXFileReference; includeInIndex = 1; lastKnownFileType = sourcecode.swift; name = UIImageView.swift; path = Sources/Gifu/Extensions/UIImageView.swift; sourceTree = "<group>"; };
		1A09A7EE3CD26D0BADCDCAF2A7F6FC41 /* TinyConstraints-dummy.m */ = {isa = PBXFileReference; includeInIndex = 1; lastKnownFileType = sourcecode.c.objc; path = "TinyConstraints-dummy.m"; sourceTree = "<group>"; };
		1F850479C76990F2CAF1D831E573BF16 /* Gifu-dummy.m */ = {isa = PBXFileReference; includeInIndex = 1; lastKnownFileType = sourcecode.c.objc; path = "Gifu-dummy.m"; sourceTree = "<group>"; };
		248EB203AE249596FFC55952F5590D95 /* TinyConstraints.framework */ = {isa = PBXFileReference; explicitFileType = wrapper.framework; includeInIndex = 0; path = TinyConstraints.framework; sourceTree = BUILT_PRODUCTS_DIR; };
		2686A6CCEE41D49A3C9814162952AC46 /* TinyConstraints.modulemap */ = {isa = PBXFileReference; includeInIndex = 1; lastKnownFileType = sourcecode.module; path = TinyConstraints.modulemap; sourceTree = "<group>"; };
		30228CE352321B4F03EC6D9CAA5FD240 /* UIImage.swift */ = {isa = PBXFileReference; includeInIndex = 1; lastKnownFileType = sourcecode.swift; name = UIImage.swift; path = Sources/Gifu/Extensions/UIImage.swift; sourceTree = "<group>"; };
		3E0D2177BD166EB36D4DD8CDC3B5B109 /* TinyConstraints.release.xcconfig */ = {isa = PBXFileReference; includeInIndex = 1; lastKnownFileType = text.xcconfig; path = TinyConstraints.release.xcconfig; sourceTree = "<group>"; };
		40E5F8D9277E714962AFA02550F15F8A /* Gifu.framework */ = {isa = PBXFileReference; explicitFileType = wrapper.framework; includeInIndex = 0; path = Gifu.framework; sourceTree = BUILT_PRODUCTS_DIR; };
		49631BCC4FBB3534858CB3715A23DB02 /* TinyConstraints.debug.xcconfig */ = {isa = PBXFileReference; includeInIndex = 1; lastKnownFileType = text.xcconfig; path = TinyConstraints.debug.xcconfig; sourceTree = "<group>"; };
		49ED2629C07A5141796DB43FD0926859 /* TinyConstraints.swift */ = {isa = PBXFileReference; includeInIndex = 1; lastKnownFileType = sourcecode.swift; name = TinyConstraints.swift; path = TinyConstraints/Classes/TinyConstraints.swift; sourceTree = "<group>"; };
		49FC76265F8ABF200BC6980354434C1C /* CGSize.swift */ = {isa = PBXFileReference; includeInIndex = 1; lastKnownFileType = sourcecode.swift; name = CGSize.swift; path = Sources/Gifu/Extensions/CGSize.swift; sourceTree = "<group>"; };
		4BF0AAB3DF829E0E743B115E9FBCDFD2 /* Constrainable.swift */ = {isa = PBXFileReference; includeInIndex = 1; lastKnownFileType = sourcecode.swift; name = Constrainable.swift; path = TinyConstraints/Classes/Constrainable.swift; sourceTree = "<group>"; };
		4EA479C23E5A5E3FB03BE0A31B4B7264 /* TinyConstraints+superview.swift */ = {isa = PBXFileReference; includeInIndex = 1; lastKnownFileType = sourcecode.swift; name = "TinyConstraints+superview.swift"; path = "TinyConstraints/Classes/TinyConstraints+superview.swift"; sourceTree = "<group>"; };
		50A0BC9C5176E88C1C5A4614ABC7D0BF /* Pods-MemorizeInUIkit-frameworks.sh */ = {isa = PBXFileReference; includeInIndex = 1; lastKnownFileType = text.script.sh; path = "Pods-MemorizeInUIkit-frameworks.sh"; sourceTree = "<group>"; };
		58D138FFD99ACD13DA1D234F0FD1C5D9 /* GIFImageView.swift */ = {isa = PBXFileReference; includeInIndex = 1; lastKnownFileType = sourcecode.swift; name = GIFImageView.swift; path = Sources/Gifu/Classes/GIFImageView.swift; sourceTree = "<group>"; };
		5F0D20D6D2F1F4D69C868C9311A2048B /* Pods-MemorizeInUIkit.debug.xcconfig */ = {isa = PBXFileReference; includeInIndex = 1; lastKnownFileType = text.xcconfig; path = "Pods-MemorizeInUIkit.debug.xcconfig"; sourceTree = "<group>"; };
		61569505264CE05BD0443E7AB281327A /* Gifu.debug.xcconfig */ = {isa = PBXFileReference; includeInIndex = 1; lastKnownFileType = text.xcconfig; path = Gifu.debug.xcconfig; sourceTree = "<group>"; };
		6ED9E1B586A3329E28271533A525ECEF /* Animator.swift */ = {isa = PBXFileReference; includeInIndex = 1; lastKnownFileType = sourcecode.swift; name = Animator.swift; path = Sources/Gifu/Classes/Animator.swift; sourceTree = "<group>"; };
		7115F78B8C5A561D03DEFA29555345B3 /* Pods_MemorizeInUIkit.framework */ = {isa = PBXFileReference; explicitFileType = wrapper.framework; includeInIndex = 0; path = Pods_MemorizeInUIkit.framework; sourceTree = BUILT_PRODUCTS_DIR; };
		73010CC983E3809BECEE5348DA1BB8C6 /* Foundation.framework */ = {isa = PBXFileReference; lastKnownFileType = wrapper.framework; name = Foundation.framework; path = Platforms/iPhoneOS.platform/Developer/SDKs/iPhoneOS14.0.sdk/System/Library/Frameworks/Foundation.framework; sourceTree = DEVELOPER_DIR; };
		796463742D08B982AEA29B1D169082A2 /* Gifu-umbrella.h */ = {isa = PBXFileReference; includeInIndex = 1; lastKnownFileType = sourcecode.c.h; path = "Gifu-umbrella.h"; sourceTree = "<group>"; };
		7E749613C62ED85B7D15F2457277B369 /* GIFAnimatable.swift */ = {isa = PBXFileReference; includeInIndex = 1; lastKnownFileType = sourcecode.swift; name = GIFAnimatable.swift; path = Sources/Gifu/Classes/GIFAnimatable.swift; sourceTree = "<group>"; };
		8031ED2A134E52D0775718154C6ACDB0 /* AnimatedFrame.swift */ = {isa = PBXFileReference; includeInIndex = 1; lastKnownFileType = sourcecode.swift; name = AnimatedFrame.swift; path = Sources/Gifu/Classes/AnimatedFrame.swift; sourceTree = "<group>"; };
		868BB1205A12BA4639A5C9689596D9B8 /* Pods-MemorizeInUIkit-Info.plist */ = {isa = PBXFileReference; includeInIndex = 1; lastKnownFileType = text.plist.xml; path = "Pods-MemorizeInUIkit-Info.plist"; sourceTree = "<group>"; };
		96A989B4A23F525E6C415F560D56C3E8 /* Pods-MemorizeInUIkit-acknowledgements.plist */ = {isa = PBXFileReference; includeInIndex = 1; lastKnownFileType = text.plist.xml; path = "Pods-MemorizeInUIkit-acknowledgements.plist"; sourceTree = "<group>"; };
		9D71199A06C04F9BD6E4575B846262E8 /* Gifu.h */ = {isa = PBXFileReference; includeInIndex = 1; lastKnownFileType = sourcecode.c.h; name = Gifu.h; path = Sources/Gifu.h; sourceTree = "<group>"; };
		9D940727FF8FB9C785EB98E56350EF41 /* Podfile */ = {isa = PBXFileReference; explicitFileType = text.script.ruby; includeInIndex = 1; indentWidth = 2; name = Podfile; path = ../Podfile; sourceTree = SOURCE_ROOT; tabWidth = 2; xcLanguageSpecificationIdentifier = xcode.lang.ruby; };
		9DE0421AE48CD6A0E95BD284AD5974EB /* Stack.swift */ = {isa = PBXFileReference; includeInIndex = 1; lastKnownFileType = sourcecode.swift; name = Stack.swift; path = TinyConstraints/Classes/Stack.swift; sourceTree = "<group>"; };
		ABBAF61A0408A3856D5EB03722AC4FF0 /* Array.swift */ = {isa = PBXFileReference; includeInIndex = 1; lastKnownFileType = sourcecode.swift; name = Array.swift; path = Sources/Gifu/Extensions/Array.swift; sourceTree = "<group>"; };
		ACC35105F104FA79EF02A0B3E9C03020 /* Abstraction.swift */ = {isa = PBXFileReference; includeInIndex = 1; lastKnownFileType = sourcecode.swift; name = Abstraction.swift; path = TinyConstraints/Classes/Abstraction.swift; sourceTree = "<group>"; };
		B49FF74D393FFA87666816946DFBDCBF /* Gifu.modulemap */ = {isa = PBXFileReference; includeInIndex = 1; lastKnownFileType = sourcecode.module; path = Gifu.modulemap; sourceTree = "<group>"; };
		BA87C998A2AEA137F15E4A4F015040F1 /* TinyConstraints-umbrella.h */ = {isa = PBXFileReference; includeInIndex = 1; lastKnownFileType = sourcecode.c.h; path = "TinyConstraints-umbrella.h"; sourceTree = "<group>"; };
		BB1903078111B36B26FC7035A7B5B065 /* Pods-MemorizeInUIkit.modulemap */ = {isa = PBXFileReference; includeInIndex = 1; lastKnownFileType = sourcecode.module; path = "Pods-MemorizeInUIkit.modulemap"; sourceTree = "<group>"; };
		C0293FB7715E41EB9D47B3B988BE99FB /* Constraints.swift */ = {isa = PBXFileReference; includeInIndex = 1; lastKnownFileType = sourcecode.swift; name = Constraints.swift; path = TinyConstraints/Classes/Constraints.swift; sourceTree = "<group>"; };
		D0569CD7F6026BC6EEA3CD0A1F2725C4 /* Pods-MemorizeInUIkit.release.xcconfig */ = {isa = PBXFileReference; includeInIndex = 1; lastKnownFileType = text.xcconfig; path = "Pods-MemorizeInUIkit.release.xcconfig"; sourceTree = "<group>"; };
		D417EF51F7800DBBCFBF3502BBC14220 /* TinyEdgeInsets.swift */ = {isa = PBXFileReference; includeInIndex = 1; lastKnownFileType = sourcecode.swift; name = TinyEdgeInsets.swift; path = TinyConstraints/Classes/TinyEdgeInsets.swift; sourceTree = "<group>"; };
		EDCC232EB307F43F5507ED1053322131 /* Pods-MemorizeInUIkit-dummy.m */ = {isa = PBXFileReference; includeInIndex = 1; lastKnownFileType = sourcecode.c.objc; path = "Pods-MemorizeInUIkit-dummy.m"; sourceTree = "<group>"; };
		EFC81D18BB92E00FE51E49FEEE528668 /* Pods-MemorizeInUIkit-acknowledgements.markdown */ = {isa = PBXFileReference; includeInIndex = 1; lastKnownFileType = text; path = "Pods-MemorizeInUIkit-acknowledgements.markdown"; sourceTree = "<group>"; };
		F00C2EA684894AC27375DDD693F796E7 /* Gifu.release.xcconfig */ = {isa = PBXFileReference; includeInIndex = 1; lastKnownFileType = text.xcconfig; path = Gifu.release.xcconfig; sourceTree = "<group>"; };
		F08B132BF38719D73598576E4D2B5D62 /* FrameStore.swift */ = {isa = PBXFileReference; includeInIndex = 1; lastKnownFileType = sourcecode.swift; name = FrameStore.swift; path = Sources/Gifu/Classes/FrameStore.swift; sourceTree = "<group>"; };
		F5C39858629A2B9FA931CAAE45FD5EB7 /* ImageSourceHelpers.swift */ = {isa = PBXFileReference; includeInIndex = 1; lastKnownFileType = sourcecode.swift; name = ImageSourceHelpers.swift; path = Sources/Gifu/Helpers/ImageSourceHelpers.swift; sourceTree = "<group>"; };
		F88C5D421624EC3608A5DCE5D855357A /* Gifu-prefix.pch */ = {isa = PBXFileReference; includeInIndex = 1; lastKnownFileType = sourcecode.c.h; path = "Gifu-prefix.pch"; sourceTree = "<group>"; };
		FAE322D2029BF5C57AD6761C4F801F58 /* TinyConstraints-Info.plist */ = {isa = PBXFileReference; includeInIndex = 1; lastKnownFileType = text.plist.xml; path = "TinyConstraints-Info.plist"; sourceTree = "<group>"; };
		FC281486CC8293CFE617C6D651B349CA /* Pods-MemorizeInUIkit-umbrella.h */ = {isa = PBXFileReference; includeInIndex = 1; lastKnownFileType = sourcecode.c.h; path = "Pods-MemorizeInUIkit-umbrella.h"; sourceTree = "<group>"; };
/* End PBXFileReference section */

/* Begin PBXFrameworksBuildPhase section */
		36535A7B888AFE58F76BDA6B07CEB9C6 /* Frameworks */ = {
			isa = PBXFrameworksBuildPhase;
			buildActionMask = 2147483647;
			files = (
				EAAE3CFD5FD7C605478DE7EE72FCBA2B /* Foundation.framework in Frameworks */,
			);
			runOnlyForDeploymentPostprocessing = 0;
		};
		9D67FA5C7D83687C867E0A5B3F0B5086 /* Frameworks */ = {
			isa = PBXFrameworksBuildPhase;
			buildActionMask = 2147483647;
			files = (
				A09C6F8458CE2EF255D89235825F441D /* Foundation.framework in Frameworks */,
			);
			runOnlyForDeploymentPostprocessing = 0;
		};
		CC4633FFBB134B9A550A03242CB85425 /* Frameworks */ = {
			isa = PBXFrameworksBuildPhase;
			buildActionMask = 2147483647;
			files = (
				E3DC8069EBA87BFCBB6D3DE9767845BE /* Foundation.framework in Frameworks */,
			);
			runOnlyForDeploymentPostprocessing = 0;
		};
/* End PBXFrameworksBuildPhase section */

/* Begin PBXGroup section */
		2B9914BCEF4C4C58996B4857B2B1FDF2 /* Support Files */ = {
			isa = PBXGroup;
			children = (
				2686A6CCEE41D49A3C9814162952AC46 /* TinyConstraints.modulemap */,
				1A09A7EE3CD26D0BADCDCAF2A7F6FC41 /* TinyConstraints-dummy.m */,
				FAE322D2029BF5C57AD6761C4F801F58 /* TinyConstraints-Info.plist */,
				08DE48D8B5B06407B342C5DFF2BB68DD /* TinyConstraints-prefix.pch */,
				BA87C998A2AEA137F15E4A4F015040F1 /* TinyConstraints-umbrella.h */,
				49631BCC4FBB3534858CB3715A23DB02 /* TinyConstraints.debug.xcconfig */,
				3E0D2177BD166EB36D4DD8CDC3B5B109 /* TinyConstraints.release.xcconfig */,
			);
			name = "Support Files";
			path = "../Target Support Files/TinyConstraints";
			sourceTree = "<group>";
		};
		3DEAEC28D729638F07B9206B531B8655 /* Pods-MemorizeInUIkit */ = {
			isa = PBXGroup;
			children = (
				BB1903078111B36B26FC7035A7B5B065 /* Pods-MemorizeInUIkit.modulemap */,
				EFC81D18BB92E00FE51E49FEEE528668 /* Pods-MemorizeInUIkit-acknowledgements.markdown */,
				96A989B4A23F525E6C415F560D56C3E8 /* Pods-MemorizeInUIkit-acknowledgements.plist */,
				EDCC232EB307F43F5507ED1053322131 /* Pods-MemorizeInUIkit-dummy.m */,
				50A0BC9C5176E88C1C5A4614ABC7D0BF /* Pods-MemorizeInUIkit-frameworks.sh */,
				868BB1205A12BA4639A5C9689596D9B8 /* Pods-MemorizeInUIkit-Info.plist */,
				FC281486CC8293CFE617C6D651B349CA /* Pods-MemorizeInUIkit-umbrella.h */,
				5F0D20D6D2F1F4D69C868C9311A2048B /* Pods-MemorizeInUIkit.debug.xcconfig */,
				D0569CD7F6026BC6EEA3CD0A1F2725C4 /* Pods-MemorizeInUIkit.release.xcconfig */,
			);
			name = "Pods-MemorizeInUIkit";
			path = "Target Support Files/Pods-MemorizeInUIkit";
			sourceTree = "<group>";
		};
		41BE5A5D4B1B108DC581AF2333FA5429 /* Support Files */ = {
			isa = PBXGroup;
			children = (
				B49FF74D393FFA87666816946DFBDCBF /* Gifu.modulemap */,
				1F850479C76990F2CAF1D831E573BF16 /* Gifu-dummy.m */,
				008ED8B6A77E8F915CCFB759DCC34C3F /* Gifu-Info.plist */,
				F88C5D421624EC3608A5DCE5D855357A /* Gifu-prefix.pch */,
				796463742D08B982AEA29B1D169082A2 /* Gifu-umbrella.h */,
				61569505264CE05BD0443E7AB281327A /* Gifu.debug.xcconfig */,
				F00C2EA684894AC27375DDD693F796E7 /* Gifu.release.xcconfig */,
			);
			name = "Support Files";
			path = "../Target Support Files/Gifu";
			sourceTree = "<group>";
		};
		578452D2E740E91742655AC8F1636D1F /* iOS */ = {
			isa = PBXGroup;
			children = (
				73010CC983E3809BECEE5348DA1BB8C6 /* Foundation.framework */,
			);
			name = iOS;
			sourceTree = "<group>";
		};
		BDAA19771E6E792893E910559535D29C /* Gifu */ = {
			isa = PBXGroup;
			children = (
				8031ED2A134E52D0775718154C6ACDB0 /* AnimatedFrame.swift */,
				6ED9E1B586A3329E28271533A525ECEF /* Animator.swift */,
				ABBAF61A0408A3856D5EB03722AC4FF0 /* Array.swift */,
				49FC76265F8ABF200BC6980354434C1C /* CGSize.swift */,
				F08B132BF38719D73598576E4D2B5D62 /* FrameStore.swift */,
				7E749613C62ED85B7D15F2457277B369 /* GIFAnimatable.swift */,
				58D138FFD99ACD13DA1D234F0FD1C5D9 /* GIFImageView.swift */,
				9D71199A06C04F9BD6E4575B846262E8 /* Gifu.h */,
				F5C39858629A2B9FA931CAAE45FD5EB7 /* ImageSourceHelpers.swift */,
				30228CE352321B4F03EC6D9CAA5FD240 /* UIImage.swift */,
				0E9D2D684395605C066F48B5DA12B78D /* UIImageView.swift */,
				41BE5A5D4B1B108DC581AF2333FA5429 /* Support Files */,
			);
			path = Gifu;
			sourceTree = "<group>";
		};
		C1F2B3ACDBB6153698A1F113344F58F7 /* Products */ = {
			isa = PBXGroup;
			children = (
				40E5F8D9277E714962AFA02550F15F8A /* Gifu.framework */,
				7115F78B8C5A561D03DEFA29555345B3 /* Pods_MemorizeInUIkit.framework */,
				248EB203AE249596FFC55952F5590D95 /* TinyConstraints.framework */,
			);
			name = Products;
			sourceTree = "<group>";
		};
		CF1408CF629C7361332E53B88F7BD30C = {
			isa = PBXGroup;
			children = (
				9D940727FF8FB9C785EB98E56350EF41 /* Podfile */,
				D210D550F4EA176C3123ED886F8F87F5 /* Frameworks */,
				F833AA09E4C9FF2F241782D5262648CD /* Pods */,
				C1F2B3ACDBB6153698A1F113344F58F7 /* Products */,
				F013F28794A6A2EA0C60641E0A3C0DD1 /* Targets Support Files */,
			);
			sourceTree = "<group>";
		};
		D210D550F4EA176C3123ED886F8F87F5 /* Frameworks */ = {
			isa = PBXGroup;
			children = (
				578452D2E740E91742655AC8F1636D1F /* iOS */,
			);
			name = Frameworks;
			sourceTree = "<group>";
		};
		D84F15BCC4F6E52D59DBC3CA264454C0 /* TinyConstraints */ = {
			isa = PBXGroup;
			children = (
				ACC35105F104FA79EF02A0B3E9C03020 /* Abstraction.swift */,
				4BF0AAB3DF829E0E743B115E9FBCDFD2 /* Constrainable.swift */,
				C0293FB7715E41EB9D47B3B988BE99FB /* Constraints.swift */,
				9DE0421AE48CD6A0E95BD284AD5974EB /* Stack.swift */,
				49ED2629C07A5141796DB43FD0926859 /* TinyConstraints.swift */,
				4EA479C23E5A5E3FB03BE0A31B4B7264 /* TinyConstraints+superview.swift */,
				D417EF51F7800DBBCFBF3502BBC14220 /* TinyEdgeInsets.swift */,
				2B9914BCEF4C4C58996B4857B2B1FDF2 /* Support Files */,
			);
			path = TinyConstraints;
			sourceTree = "<group>";
		};
		F013F28794A6A2EA0C60641E0A3C0DD1 /* Targets Support Files */ = {
			isa = PBXGroup;
			children = (
				3DEAEC28D729638F07B9206B531B8655 /* Pods-MemorizeInUIkit */,
			);
			name = "Targets Support Files";
			sourceTree = "<group>";
		};
		F833AA09E4C9FF2F241782D5262648CD /* Pods */ = {
			isa = PBXGroup;
			children = (
				BDAA19771E6E792893E910559535D29C /* Gifu */,
				D84F15BCC4F6E52D59DBC3CA264454C0 /* TinyConstraints */,
			);
			name = Pods;
			sourceTree = "<group>";
		};
/* End PBXGroup section */

/* Begin PBXHeadersBuildPhase section */
		6C82A261E114E04E54D5D64380D759BE /* Headers */ = {
			isa = PBXHeadersBuildPhase;
			buildActionMask = 2147483647;
			files = (
				45984E7480A4DB592B40F0DA0DAE7514 /* Gifu-umbrella.h in Headers */,
				E8583EF4F023B694EA051DD60BF2BAFA /* Gifu.h in Headers */,
			);
			runOnlyForDeploymentPostprocessing = 0;
		};
		98FE3D0A640F390EA7AEA8E88F47DEDA /* Headers */ = {
			isa = PBXHeadersBuildPhase;
			buildActionMask = 2147483647;
			files = (
				7F686C87FC60238F640B1973302B6D08 /* TinyConstraints-umbrella.h in Headers */,
			);
			runOnlyForDeploymentPostprocessing = 0;
		};
		FA1C0B58549245ABDBE9DCAF97290FCF /* Headers */ = {
			isa = PBXHeadersBuildPhase;
			buildActionMask = 2147483647;
			files = (
				AEB2F815796779275F32C73521098D00 /* Pods-MemorizeInUIkit-umbrella.h in Headers */,
			);
			runOnlyForDeploymentPostprocessing = 0;
		};
/* End PBXHeadersBuildPhase section */

/* Begin PBXNativeTarget section */
		45C4E325E7851DD54CC3AD44C7A71935 /* TinyConstraints */ = {
			isa = PBXNativeTarget;
			buildConfigurationList = DED162CA822CAFF9F3B82904FBA2988C /* Build configuration list for PBXNativeTarget "TinyConstraints" */;
			buildPhases = (
				98FE3D0A640F390EA7AEA8E88F47DEDA /* Headers */,
				B22F16F1C73358E59AE260C86E3D1F1D /* Sources */,
				36535A7B888AFE58F76BDA6B07CEB9C6 /* Frameworks */,
				7465A1319E37DADA12A8BAEB409143AA /* Resources */,
			);
			buildRules = (
			);
			dependencies = (
			);
			name = TinyConstraints;
			productName = TinyConstraints;
			productReference = 248EB203AE249596FFC55952F5590D95 /* TinyConstraints.framework */;
			productType = "com.apple.product-type.framework";
		};
		68878F27CA5C70E92A74CB9055B15D62 /* Pods-MemorizeInUIkit */ = {
			isa = PBXNativeTarget;
			buildConfigurationList = A98E1AE1316D8DEE8ACC013C32A6ECC4 /* Build configuration list for PBXNativeTarget "Pods-MemorizeInUIkit" */;
			buildPhases = (
				FA1C0B58549245ABDBE9DCAF97290FCF /* Headers */,
				947356C0D7702F1787A006BA4584BF35 /* Sources */,
				CC4633FFBB134B9A550A03242CB85425 /* Frameworks */,
				E34DF02243437308DF6F34B1B91C0D7C /* Resources */,
			);
			buildRules = (
			);
			dependencies = (
				76AD836998BC7AD2168B1208A65C0CC9 /* PBXTargetDependency */,
				9C199C425620FDDB076C75520C091F67 /* PBXTargetDependency */,
			);
			name = "Pods-MemorizeInUIkit";
			productName = "Pods-MemorizeInUIkit";
			productReference = 7115F78B8C5A561D03DEFA29555345B3 /* Pods_MemorizeInUIkit.framework */;
			productType = "com.apple.product-type.framework";
		};
		830B5AB9E16163B4A1BA339D625FE46C /* Gifu */ = {
			isa = PBXNativeTarget;
			buildConfigurationList = 04BF61807C7C6D0918F26F2E99C6D024 /* Build configuration list for PBXNativeTarget "Gifu" */;
			buildPhases = (
				6C82A261E114E04E54D5D64380D759BE /* Headers */,
				08A0F7D54E6E96D496EF1270392D981E /* Sources */,
				9D67FA5C7D83687C867E0A5B3F0B5086 /* Frameworks */,
				1637D52521EF70529E9091617E2F70CE /* Resources */,
			);
			buildRules = (
			);
			dependencies = (
			);
			name = Gifu;
			productName = Gifu;
			productReference = 40E5F8D9277E714962AFA02550F15F8A /* Gifu.framework */;
			productType = "com.apple.product-type.framework";
		};
/* End PBXNativeTarget section */

/* Begin PBXProject section */
		BFDFE7DC352907FC980B868725387E98 /* Project object */ = {
			isa = PBXProject;
			attributes = {
				LastSwiftUpdateCheck = 1100;
				LastUpgradeCheck = 1250;
			};
			buildConfigurationList = 4821239608C13582E20E6DA73FD5F1F9 /* Build configuration list for PBXProject "Pods" */;
			compatibilityVersion = "Xcode 9.3";
			developmentRegion = en;
			hasScannedForEncodings = 0;
			knownRegions = (
				en,
				Base,
			);
			mainGroup = CF1408CF629C7361332E53B88F7BD30C;
			productRefGroup = C1F2B3ACDBB6153698A1F113344F58F7 /* Products */;
			projectDirPath = "";
			projectRoot = "";
			targets = (
				830B5AB9E16163B4A1BA339D625FE46C /* Gifu */,
				68878F27CA5C70E92A74CB9055B15D62 /* Pods-MemorizeInUIkit */,
				45C4E325E7851DD54CC3AD44C7A71935 /* TinyConstraints */,
			);
		};
/* End PBXProject section */

/* Begin PBXResourcesBuildPhase section */
		1637D52521EF70529E9091617E2F70CE /* Resources */ = {
			isa = PBXResourcesBuildPhase;
			buildActionMask = 2147483647;
			files = (
			);
			runOnlyForDeploymentPostprocessing = 0;
		};
		7465A1319E37DADA12A8BAEB409143AA /* Resources */ = {
			isa = PBXResourcesBuildPhase;
			buildActionMask = 2147483647;
			files = (
			);
			runOnlyForDeploymentPostprocessing = 0;
		};
		E34DF02243437308DF6F34B1B91C0D7C /* Resources */ = {
			isa = PBXResourcesBuildPhase;
			buildActionMask = 2147483647;
			files = (
			);
			runOnlyForDeploymentPostprocessing = 0;
		};
/* End PBXResourcesBuildPhase section */

/* Begin PBXSourcesBuildPhase section */
		08A0F7D54E6E96D496EF1270392D981E /* Sources */ = {
			isa = PBXSourcesBuildPhase;
			buildActionMask = 2147483647;
			files = (
				B36CF03A512E05741F8B8F58834B08BB /* AnimatedFrame.swift in Sources */,
				579C1FBFB7E8AB0557C8FD0D89A9AD05 /* Animator.swift in Sources */,
				412892682BE8AA0CE911F1C04590BEF5 /* Array.swift in Sources */,
				93547DAC83B7FCC4FB7DA7851E8A8EAB /* CGSize.swift in Sources */,
				0133233B8FA3F7CD520BF2320BBB48D1 /* FrameStore.swift in Sources */,
				DBC9BB953E1263398D517CF24DA43FA0 /* GIFAnimatable.swift in Sources */,
				A6A76623CE01F0CBAB470BDA582AEDB3 /* GIFImageView.swift in Sources */,
				B1EEB201E44E9E562D052F9181538E23 /* Gifu-dummy.m in Sources */,
				D6D1B805F4ED0B8805CEB5DCE192FEA9 /* ImageSourceHelpers.swift in Sources */,
				2C94A3135168EFCB30223DAC7080F1A8 /* UIImage.swift in Sources */,
				4F8F54512992CAE265C593B52F34532D /* UIImageView.swift in Sources */,
			);
			runOnlyForDeploymentPostprocessing = 0;
		};
		947356C0D7702F1787A006BA4584BF35 /* Sources */ = {
			isa = PBXSourcesBuildPhase;
			buildActionMask = 2147483647;
			files = (
				A2241C6D63B1E2D1DC450251846CA1C3 /* Pods-MemorizeInUIkit-dummy.m in Sources */,
			);
			runOnlyForDeploymentPostprocessing = 0;
		};
		B22F16F1C73358E59AE260C86E3D1F1D /* Sources */ = {
			isa = PBXSourcesBuildPhase;
			buildActionMask = 2147483647;
			files = (
				CFF984D0BDE08492C60CC2D9C75E2C96 /* Abstraction.swift in Sources */,
				EAB56C7B2652650A976538B12FBAC59D /* Constrainable.swift in Sources */,
				CBF8630B51B556B1D93FF064C433A66E /* Constraints.swift in Sources */,
				DF7A6BC0D371FF7ECA74781F562C475F /* Stack.swift in Sources */,
				80C64F8B50FDB2E25A939480C3FEC43A /* TinyConstraints+superview.swift in Sources */,
				602071FBBC9CE2E7E138D4B67223D4A9 /* TinyConstraints-dummy.m in Sources */,
				0D24FEFEF4298905C4AE3E9FC22DBC38 /* TinyConstraints.swift in Sources */,
				CCAEE4BF0C676D5173590E04D29BAE92 /* TinyEdgeInsets.swift in Sources */,
			);
			runOnlyForDeploymentPostprocessing = 0;
		};
/* End PBXSourcesBuildPhase section */

/* Begin PBXTargetDependency section */
		76AD836998BC7AD2168B1208A65C0CC9 /* PBXTargetDependency */ = {
			isa = PBXTargetDependency;
			name = Gifu;
			target = 830B5AB9E16163B4A1BA339D625FE46C /* Gifu */;
			targetProxy = A1A5E9A7517FEFA39E59707AD2559A2B /* PBXContainerItemProxy */;
		};
		9C199C425620FDDB076C75520C091F67 /* PBXTargetDependency */ = {
			isa = PBXTargetDependency;
			name = TinyConstraints;
			target = 45C4E325E7851DD54CC3AD44C7A71935 /* TinyConstraints */;
			targetProxy = 4436E3C0CF737CF0BA6780AAD72F2DD8 /* PBXContainerItemProxy */;
		};
/* End PBXTargetDependency section */

/* Begin XCBuildConfiguration section */
		07390F2063815A67C112A53092428E1A /* Release */ = {
			isa = XCBuildConfiguration;
			baseConfigurationReference = D0569CD7F6026BC6EEA3CD0A1F2725C4 /* Pods-MemorizeInUIkit.release.xcconfig */;
			buildSettings = {
				ALWAYS_EMBED_SWIFT_STANDARD_LIBRARIES = NO;
				CLANG_ENABLE_OBJC_WEAK = NO;
				"CODE_SIGN_IDENTITY[sdk=appletvos*]" = "";
				"CODE_SIGN_IDENTITY[sdk=iphoneos*]" = "";
				"CODE_SIGN_IDENTITY[sdk=watchos*]" = "";
				CURRENT_PROJECT_VERSION = 1;
				DEFINES_MODULE = YES;
				DYLIB_COMPATIBILITY_VERSION = 1;
				DYLIB_CURRENT_VERSION = 1;
				DYLIB_INSTALL_NAME_BASE = "@rpath";
				INFOPLIST_FILE = "Target Support Files/Pods-MemorizeInUIkit/Pods-MemorizeInUIkit-Info.plist";
				INSTALL_PATH = "$(LOCAL_LIBRARY_DIR)/Frameworks";
				IPHONEOS_DEPLOYMENT_TARGET = 14.5;
				LD_RUNPATH_SEARCH_PATHS = (
					"$(inherited)",
					"@executable_path/Frameworks",
					"@loader_path/Frameworks",
				);
				MACH_O_TYPE = staticlib;
				MODULEMAP_FILE = "Target Support Files/Pods-MemorizeInUIkit/Pods-MemorizeInUIkit.modulemap";
				OTHER_LDFLAGS = "";
				OTHER_LIBTOOLFLAGS = "";
				PODS_ROOT = "$(SRCROOT)";
				PRODUCT_BUNDLE_IDENTIFIER = "org.cocoapods.${PRODUCT_NAME:rfc1034identifier}";
				PRODUCT_NAME = "$(TARGET_NAME:c99extidentifier)";
				SDKROOT = iphoneos;
				SKIP_INSTALL = YES;
				TARGETED_DEVICE_FAMILY = "1,2";
				VALIDATE_PRODUCT = YES;
				VERSIONING_SYSTEM = "apple-generic";
				VERSION_INFO_PREFIX = "";
			};
			name = Release;
		};
		0FC1F0034542601DF1F5A76D5F10376C /* Debug */ = {
			isa = XCBuildConfiguration;
			baseConfigurationReference = 49631BCC4FBB3534858CB3715A23DB02 /* TinyConstraints.debug.xcconfig */;
			buildSettings = {
				"CODE_SIGN_IDENTITY[sdk=appletvos*]" = "";
				"CODE_SIGN_IDENTITY[sdk=iphoneos*]" = "";
				"CODE_SIGN_IDENTITY[sdk=watchos*]" = "";
				CURRENT_PROJECT_VERSION = 1;
				DEFINES_MODULE = YES;
				DYLIB_COMPATIBILITY_VERSION = 1;
				DYLIB_CURRENT_VERSION = 1;
				DYLIB_INSTALL_NAME_BASE = "@rpath";
				GCC_PREFIX_HEADER = "Target Support Files/TinyConstraints/TinyConstraints-prefix.pch";
				INFOPLIST_FILE = "Target Support Files/TinyConstraints/TinyConstraints-Info.plist";
				INSTALL_PATH = "$(LOCAL_LIBRARY_DIR)/Frameworks";
				IPHONEOS_DEPLOYMENT_TARGET = 12.0;
				LD_RUNPATH_SEARCH_PATHS = (
					"$(inherited)",
					"@executable_path/Frameworks",
					"@loader_path/Frameworks",
				);
				MODULEMAP_FILE = "Target Support Files/TinyConstraints/TinyConstraints.modulemap";
				PRODUCT_MODULE_NAME = TinyConstraints;
				PRODUCT_NAME = TinyConstraints;
				SDKROOT = iphoneos;
				SKIP_INSTALL = YES;
				SWIFT_ACTIVE_COMPILATION_CONDITIONS = "$(inherited) ";
				SWIFT_VERSION = 5.0;
				TARGETED_DEVICE_FAMILY = "1,2";
				VERSIONING_SYSTEM = "apple-generic";
				VERSION_INFO_PREFIX = "";
			};
			name = Debug;
		};
		3B7165CE72FA0260993EC86E2AC48993 /* Release */ = {
			isa = XCBuildConfiguration;
			baseConfigurationReference = 3E0D2177BD166EB36D4DD8CDC3B5B109 /* TinyConstraints.release.xcconfig */;
			buildSettings = {
				"CODE_SIGN_IDENTITY[sdk=appletvos*]" = "";
				"CODE_SIGN_IDENTITY[sdk=iphoneos*]" = "";
				"CODE_SIGN_IDENTITY[sdk=watchos*]" = "";
				CURRENT_PROJECT_VERSION = 1;
				DEFINES_MODULE = YES;
				DYLIB_COMPATIBILITY_VERSION = 1;
				DYLIB_CURRENT_VERSION = 1;
				DYLIB_INSTALL_NAME_BASE = "@rpath";
				GCC_PREFIX_HEADER = "Target Support Files/TinyConstraints/TinyConstraints-prefix.pch";
				INFOPLIST_FILE = "Target Support Files/TinyConstraints/TinyConstraints-Info.plist";
				INSTALL_PATH = "$(LOCAL_LIBRARY_DIR)/Frameworks";
				IPHONEOS_DEPLOYMENT_TARGET = 12.0;
				LD_RUNPATH_SEARCH_PATHS = (
					"$(inherited)",
					"@executable_path/Frameworks",
					"@loader_path/Frameworks",
				);
				MODULEMAP_FILE = "Target Support Files/TinyConstraints/TinyConstraints.modulemap";
				PRODUCT_MODULE_NAME = TinyConstraints;
				PRODUCT_NAME = TinyConstraints;
				SDKROOT = iphoneos;
				SKIP_INSTALL = YES;
				SWIFT_ACTIVE_COMPILATION_CONDITIONS = "$(inherited) ";
				SWIFT_VERSION = 5.0;
				TARGETED_DEVICE_FAMILY = "1,2";
				VALIDATE_PRODUCT = YES;
				VERSIONING_SYSTEM = "apple-generic";
				VERSION_INFO_PREFIX = "";
			};
			name = Release;
		};
		3DB2D9E8B278A7AEF87609EC96BF6C45 /* Debug */ = {
			isa = XCBuildConfiguration;
			baseConfigurationReference = 61569505264CE05BD0443E7AB281327A /* Gifu.debug.xcconfig */;
			buildSettings = {
				"CODE_SIGN_IDENTITY[sdk=appletvos*]" = "";
				"CODE_SIGN_IDENTITY[sdk=iphoneos*]" = "";
				"CODE_SIGN_IDENTITY[sdk=watchos*]" = "";
				CURRENT_PROJECT_VERSION = 1;
				DEFINES_MODULE = YES;
				DYLIB_COMPATIBILITY_VERSION = 1;
				DYLIB_CURRENT_VERSION = 1;
				DYLIB_INSTALL_NAME_BASE = "@rpath";
				GCC_PREFIX_HEADER = "Target Support Files/Gifu/Gifu-prefix.pch";
				INFOPLIST_FILE = "Target Support Files/Gifu/Gifu-Info.plist";
				INSTALL_PATH = "$(LOCAL_LIBRARY_DIR)/Frameworks";
				IPHONEOS_DEPLOYMENT_TARGET = 12.0;
				LD_RUNPATH_SEARCH_PATHS = (
					"$(inherited)",
					"@executable_path/Frameworks",
					"@loader_path/Frameworks",
				);
				MODULEMAP_FILE = "Target Support Files/Gifu/Gifu.modulemap";
				PRODUCT_MODULE_NAME = Gifu;
				PRODUCT_NAME = Gifu;
				SDKROOT = iphoneos;
				SKIP_INSTALL = YES;
				SWIFT_ACTIVE_COMPILATION_CONDITIONS = "$(inherited) ";
				SWIFT_VERSION = 5.4;
				TARGETED_DEVICE_FAMILY = "1,2";
				VERSIONING_SYSTEM = "apple-generic";
				VERSION_INFO_PREFIX = "";
			};
			name = Debug;
		};
		42A8BAC8E0A56990B70EF30CEAD21DC8 /* Release */ = {
			isa = XCBuildConfiguration;
			baseConfigurationReference = F00C2EA684894AC27375DDD693F796E7 /* Gifu.release.xcconfig */;
			buildSettings = {
				"CODE_SIGN_IDENTITY[sdk=appletvos*]" = "";
				"CODE_SIGN_IDENTITY[sdk=iphoneos*]" = "";
				"CODE_SIGN_IDENTITY[sdk=watchos*]" = "";
				CURRENT_PROJECT_VERSION = 1;
				DEFINES_MODULE = YES;
				DYLIB_COMPATIBILITY_VERSION = 1;
				DYLIB_CURRENT_VERSION = 1;
				DYLIB_INSTALL_NAME_BASE = "@rpath";
				GCC_PREFIX_HEADER = "Target Support Files/Gifu/Gifu-prefix.pch";
				INFOPLIST_FILE = "Target Support Files/Gifu/Gifu-Info.plist";
				INSTALL_PATH = "$(LOCAL_LIBRARY_DIR)/Frameworks";
				IPHONEOS_DEPLOYMENT_TARGET = 12.0;
				LD_RUNPATH_SEARCH_PATHS = (
					"$(inherited)",
					"@executable_path/Frameworks",
					"@loader_path/Frameworks",
				);
				MODULEMAP_FILE = "Target Support Files/Gifu/Gifu.modulemap";
				PRODUCT_MODULE_NAME = Gifu;
				PRODUCT_NAME = Gifu;
				SDKROOT = iphoneos;
				SKIP_INSTALL = YES;
				SWIFT_ACTIVE_COMPILATION_CONDITIONS = "$(inherited) ";
				SWIFT_VERSION = 5.4;
				TARGETED_DEVICE_FAMILY = "1,2";
				VALIDATE_PRODUCT = YES;
				VERSIONING_SYSTEM = "apple-generic";
				VERSION_INFO_PREFIX = "";
			};
			name = Release;
		};
		BC01E0B73776AF6B58DC318A9BE988D7 /* Debug */ = {
			isa = XCBuildConfiguration;
			buildSettings = {
				ALWAYS_SEARCH_USER_PATHS = NO;
				CLANG_ANALYZER_LOCALIZABILITY_NONLOCALIZED = YES;
				CLANG_ANALYZER_NONNULL = YES;
				CLANG_ANALYZER_NUMBER_OBJECT_CONVERSION = YES_AGGRESSIVE;
				CLANG_CXX_LANGUAGE_STANDARD = "gnu++14";
				CLANG_CXX_LIBRARY = "libc++";
				CLANG_ENABLE_MODULES = YES;
				CLANG_ENABLE_OBJC_ARC = YES;
				CLANG_ENABLE_OBJC_WEAK = YES;
				CLANG_WARN_BLOCK_CAPTURE_AUTORELEASING = YES;
				CLANG_WARN_BOOL_CONVERSION = YES;
				CLANG_WARN_COMMA = YES;
				CLANG_WARN_CONSTANT_CONVERSION = YES;
				CLANG_WARN_DEPRECATED_OBJC_IMPLEMENTATIONS = YES;
				CLANG_WARN_DIRECT_OBJC_ISA_USAGE = YES_ERROR;
				CLANG_WARN_DOCUMENTATION_COMMENTS = YES;
				CLANG_WARN_EMPTY_BODY = YES;
				CLANG_WARN_ENUM_CONVERSION = YES;
				CLANG_WARN_INFINITE_RECURSION = YES;
				CLANG_WARN_INT_CONVERSION = YES;
				CLANG_WARN_NON_LITERAL_NULL_CONVERSION = YES;
				CLANG_WARN_OBJC_IMPLICIT_RETAIN_SELF = YES;
				CLANG_WARN_OBJC_LITERAL_CONVERSION = YES;
				CLANG_WARN_OBJC_ROOT_CLASS = YES_ERROR;
				CLANG_WARN_QUOTED_INCLUDE_IN_FRAMEWORK_HEADER = YES;
				CLANG_WARN_RANGE_LOOP_ANALYSIS = YES;
				CLANG_WARN_STRICT_PROTOTYPES = YES;
				CLANG_WARN_SUSPICIOUS_MOVE = YES;
				CLANG_WARN_UNGUARDED_AVAILABILITY = YES_AGGRESSIVE;
				CLANG_WARN_UNREACHABLE_CODE = YES;
				CLANG_WARN__DUPLICATE_METHOD_MATCH = YES;
				COPY_PHASE_STRIP = NO;
				DEBUG_INFORMATION_FORMAT = dwarf;
				ENABLE_STRICT_OBJC_MSGSEND = YES;
				ENABLE_TESTABILITY = YES;
				GCC_C_LANGUAGE_STANDARD = gnu11;
				GCC_DYNAMIC_NO_PIC = NO;
				GCC_NO_COMMON_BLOCKS = YES;
				GCC_OPTIMIZATION_LEVEL = 0;
				GCC_PREPROCESSOR_DEFINITIONS = (
					"POD_CONFIGURATION_DEBUG=1",
					"DEBUG=1",
					"$(inherited)",
				);
				GCC_WARN_64_TO_32_BIT_CONVERSION = YES;
				GCC_WARN_ABOUT_RETURN_TYPE = YES_ERROR;
				GCC_WARN_UNDECLARED_SELECTOR = YES;
				GCC_WARN_UNINITIALIZED_AUTOS = YES_AGGRESSIVE;
				GCC_WARN_UNUSED_FUNCTION = YES;
				GCC_WARN_UNUSED_VARIABLE = YES;
				IPHONEOS_DEPLOYMENT_TARGET = 14.5;
				MTL_ENABLE_DEBUG_INFO = INCLUDE_SOURCE;
				MTL_FAST_MATH = YES;
				ONLY_ACTIVE_ARCH = YES;
				PRODUCT_NAME = "$(TARGET_NAME)";
				STRIP_INSTALLED_PRODUCT = NO;
				SWIFT_ACTIVE_COMPILATION_CONDITIONS = DEBUG;
				SWIFT_OPTIMIZATION_LEVEL = "-Onone";
				SWIFT_VERSION = 5.0;
				SYMROOT = "${SRCROOT}/../build";
			};
			name = Debug;
		};
		C605C363CC9F26F9FF97DBB1D5C6E25C /* Release */ = {
			isa = XCBuildConfiguration;
			buildSettings = {
				ALWAYS_SEARCH_USER_PATHS = NO;
				CLANG_ANALYZER_LOCALIZABILITY_NONLOCALIZED = YES;
				CLANG_ANALYZER_NONNULL = YES;
				CLANG_ANALYZER_NUMBER_OBJECT_CONVERSION = YES_AGGRESSIVE;
				CLANG_CXX_LANGUAGE_STANDARD = "gnu++14";
				CLANG_CXX_LIBRARY = "libc++";
				CLANG_ENABLE_MODULES = YES;
				CLANG_ENABLE_OBJC_ARC = YES;
				CLANG_ENABLE_OBJC_WEAK = YES;
				CLANG_WARN_BLOCK_CAPTURE_AUTORELEASING = YES;
				CLANG_WARN_BOOL_CONVERSION = YES;
				CLANG_WARN_COMMA = YES;
				CLANG_WARN_CONSTANT_CONVERSION = YES;
				CLANG_WARN_DEPRECATED_OBJC_IMPLEMENTATIONS = YES;
				CLANG_WARN_DIRECT_OBJC_ISA_USAGE = YES_ERROR;
				CLANG_WARN_DOCUMENTATION_COMMENTS = YES;
				CLANG_WARN_EMPTY_BODY = YES;
				CLANG_WARN_ENUM_CONVERSION = YES;
				CLANG_WARN_INFINITE_RECURSION = YES;
				CLANG_WARN_INT_CONVERSION = YES;
				CLANG_WARN_NON_LITERAL_NULL_CONVERSION = YES;
				CLANG_WARN_OBJC_IMPLICIT_RETAIN_SELF = YES;
				CLANG_WARN_OBJC_LITERAL_CONVERSION = YES;
				CLANG_WARN_OBJC_ROOT_CLASS = YES_ERROR;
				CLANG_WARN_QUOTED_INCLUDE_IN_FRAMEWORK_HEADER = YES;
				CLANG_WARN_RANGE_LOOP_ANALYSIS = YES;
				CLANG_WARN_STRICT_PROTOTYPES = YES;
				CLANG_WARN_SUSPICIOUS_MOVE = YES;
				CLANG_WARN_UNGUARDED_AVAILABILITY = YES_AGGRESSIVE;
				CLANG_WARN_UNREACHABLE_CODE = YES;
				CLANG_WARN__DUPLICATE_METHOD_MATCH = YES;
				COPY_PHASE_STRIP = NO;
				DEBUG_INFORMATION_FORMAT = "dwarf-with-dsym";
				ENABLE_NS_ASSERTIONS = NO;
				ENABLE_STRICT_OBJC_MSGSEND = YES;
				GCC_C_LANGUAGE_STANDARD = gnu11;
				GCC_NO_COMMON_BLOCKS = YES;
				GCC_PREPROCESSOR_DEFINITIONS = (
					"POD_CONFIGURATION_RELEASE=1",
					"$(inherited)",
				);
				GCC_WARN_64_TO_32_BIT_CONVERSION = YES;
				GCC_WARN_ABOUT_RETURN_TYPE = YES_ERROR;
				GCC_WARN_UNDECLARED_SELECTOR = YES;
				GCC_WARN_UNINITIALIZED_AUTOS = YES_AGGRESSIVE;
				GCC_WARN_UNUSED_FUNCTION = YES;
				GCC_WARN_UNUSED_VARIABLE = YES;
				IPHONEOS_DEPLOYMENT_TARGET = 14.5;
				MTL_ENABLE_DEBUG_INFO = NO;
				MTL_FAST_MATH = YES;
				PRODUCT_NAME = "$(TARGET_NAME)";
				STRIP_INSTALLED_PRODUCT = NO;
				SWIFT_COMPILATION_MODE = wholemodule;
				SWIFT_OPTIMIZATION_LEVEL = "-O";
				SWIFT_VERSION = 5.0;
				SYMROOT = "${SRCROOT}/../build";
			};
			name = Release;
		};
		EEC8E867C201312D3C1EB5EF8B855F8F /* Debug */ = {
			isa = XCBuildConfiguration;
			baseConfigurationReference = 5F0D20D6D2F1F4D69C868C9311A2048B /* Pods-MemorizeInUIkit.debug.xcconfig */;
			buildSettings = {
				ALWAYS_EMBED_SWIFT_STANDARD_LIBRARIES = NO;
				CLANG_ENABLE_OBJC_WEAK = NO;
				"CODE_SIGN_IDENTITY[sdk=appletvos*]" = "";
				"CODE_SIGN_IDENTITY[sdk=iphoneos*]" = "";
				"CODE_SIGN_IDENTITY[sdk=watchos*]" = "";
				CURRENT_PROJECT_VERSION = 1;
				DEFINES_MODULE = YES;
				DYLIB_COMPATIBILITY_VERSION = 1;
				DYLIB_CURRENT_VERSION = 1;
				DYLIB_INSTALL_NAME_BASE = "@rpath";
				INFOPLIST_FILE = "Target Support Files/Pods-MemorizeInUIkit/Pods-MemorizeInUIkit-Info.plist";
				INSTALL_PATH = "$(LOCAL_LIBRARY_DIR)/Frameworks";
				IPHONEOS_DEPLOYMENT_TARGET = 14.5;
				LD_RUNPATH_SEARCH_PATHS = (
					"$(inherited)",
					"@executable_path/Frameworks",
					"@loader_path/Frameworks",
				);
				MACH_O_TYPE = staticlib;
				MODULEMAP_FILE = "Target Support Files/Pods-MemorizeInUIkit/Pods-MemorizeInUIkit.modulemap";
				OTHER_LDFLAGS = "";
				OTHER_LIBTOOLFLAGS = "";
				PODS_ROOT = "$(SRCROOT)";
				PRODUCT_BUNDLE_IDENTIFIER = "org.cocoapods.${PRODUCT_NAME:rfc1034identifier}";
				PRODUCT_NAME = "$(TARGET_NAME:c99extidentifier)";
				SDKROOT = iphoneos;
				SKIP_INSTALL = YES;
				TARGETED_DEVICE_FAMILY = "1,2";
				VERSIONING_SYSTEM = "apple-generic";
				VERSION_INFO_PREFIX = "";
			};
			name = Debug;
		};
/* End XCBuildConfiguration section */

/* Begin XCConfigurationList section */
		04BF61807C7C6D0918F26F2E99C6D024 /* Build configuration list for PBXNativeTarget "Gifu" */ = {
			isa = XCConfigurationList;
			buildConfigurations = (
				3DB2D9E8B278A7AEF87609EC96BF6C45 /* Debug */,
				42A8BAC8E0A56990B70EF30CEAD21DC8 /* Release */,
			);
			defaultConfigurationIsVisible = 0;
			defaultConfigurationName = Release;
		};
		4821239608C13582E20E6DA73FD5F1F9 /* Build configuration list for PBXProject "Pods" */ = {
			isa = XCConfigurationList;
			buildConfigurations = (
				BC01E0B73776AF6B58DC318A9BE988D7 /* Debug */,
				C605C363CC9F26F9FF97DBB1D5C6E25C /* Release */,
			);
			defaultConfigurationIsVisible = 0;
			defaultConfigurationName = Release;
		};
		A98E1AE1316D8DEE8ACC013C32A6ECC4 /* Build configuration list for PBXNativeTarget "Pods-MemorizeInUIkit" */ = {
			isa = XCConfigurationList;
			buildConfigurations = (
				EEC8E867C201312D3C1EB5EF8B855F8F /* Debug */,
				07390F2063815A67C112A53092428E1A /* Release */,
			);
			defaultConfigurationIsVisible = 0;
			defaultConfigurationName = Release;
		};
		DED162CA822CAFF9F3B82904FBA2988C /* Build configuration list for PBXNativeTarget "TinyConstraints" */ = {
			isa = XCConfigurationList;
			buildConfigurations = (
				0FC1F0034542601DF1F5A76D5F10376C /* Debug */,
				3B7165CE72FA0260993EC86E2AC48993 /* Release */,
			);
			defaultConfigurationIsVisible = 0;
			defaultConfigurationName = Release;
		};
/* End XCConfigurationList section */
	};
	rootObject = BFDFE7DC352907FC980B868725387E98 /* Project object */;
}
